
Microsoft Visual Studio Solution File, Format Version 12.00
# Visual Studio Version 17
VisualStudioVersion = 17.8.34316.72
MinimumVisualStudioVersion = 10.0.40219.1
Project("{9A19103F-16F7-4668-BE54-9A1E7A4F7556}") = "DBApp.Client", "DBApp.Client\DBApp.Client.csproj", "{84B4D647-4573-4996-8D51-198E55395E00}"
EndProject
Project("{FAE04EC0-301F-11D3-BF4B-00C04F79EFBC}") = "DBApp.Server", "DBApp.Server\DBApp.Server.csproj", "{9FEC7F1A-9C9B-4119-970B-478D8D4770F3}"
EndProject
Global
	GlobalSection(SolutionConfigurationPlatforms) = preSolution
		Debug|Any CPU = Debug|Any CPU
		Release|Any CPU = Release|Any CPU
	EndGlobalSection
	GlobalSection(ProjectConfigurationPlatforms) = postSolution
		{84B4D647-4573-4996-8D51-198E55395E00}.Debug|Any CPU.ActiveCfg = Debug|Any CPU
		{84B4D647-4573-4996-8D51-198E55395E00}.Debug|Any CPU.Build.0 = Debug|Any CPU
		{84B4D647-4573-4996-8D51-198E55395E00}.Release|Any CPU.ActiveCfg = Release|Any CPU
		{84B4D647-4573-4996-8D51-198E55395E00}.Release|Any CPU.Build.0 = Release|Any CPU
		{9FEC7F1A-9C9B-4119-970B-478D8D4770F3}.Debug|Any CPU.ActiveCfg = Debug|Any CPU
		{9FEC7F1A-9C9B-4119-970B-478D8D4770F3}.Debug|Any CPU.Build.0 = Debug|Any CPU
		{9FEC7F1A-9C9B-4119-970B-478D8D4770F3}.Release|Any CPU.ActiveCfg = Release|Any CPU
		{9FEC7F1A-9C9B-4119-970B-478D8D4770F3}.Release|Any CPU.Build.0 = Release|Any CPU
	EndGlobalSection
	GlobalSection(SolutionProperties) = preSolution
		HideSolutionNode = FALSE
	EndGlobalSection
	GlobalSection(ExtensibilityGlobals) = postSolution
		SolutionGuid = {88D0D060-4B26-494C-9EAD-9A34804A64EB}
	EndGlobalSection
EndGlobal
